
Microsoft Visual Studio Solution File, Format Version 12.00
# Visual Studio Version 17
VisualStudioVersion = 17.11.35327.3
MinimumVisualStudioVersion = 10.0.40219.1
Project("{888888A0-9F3D-457C-B088-3A5042F75D52}") = "A feladat", "A feladat\A feladat.pyproj", "{18762840-D78B-4594-9E9B-AAA999A051E8}"
EndProject
Global
	GlobalSection(SolutionConfigurationPlatforms) = preSolution
		Debug|Any CPU = Debug|Any CPU
		Release|Any CPU = Release|Any CPU
	EndGlobalSection
	GlobalSection(ProjectConfigurationPlatforms) = postSolution
		{18762840-D78B-4594-9E9B-AAA999A051E8}.Debug|Any CPU.ActiveCfg = Debug|Any CPU
		{18762840-D78B-4594-9E9B-AAA999A051E8}.Release|Any CPU.ActiveCfg = Release|Any CPU
	EndGlobalSection
	GlobalSection(SolutionProperties) = preSolution
		HideSolutionNode = FALSE
	EndGlobalSection
	GlobalSection(ExtensibilityGlobals) = postSolution
		SolutionGuid = {542D6C16-F8AF-4FC2-8A95-9887D4495A33}
	EndGlobalSection
EndGlobal
